
Microsoft Visual Studio Solution File, Format Version 12.00
# Visual Studio Version 16
VisualStudioVersion = 16.0.29920.165
MinimumVisualStudioVersion = 10.0.40219.1
Project("{FAE04EC0-301F-11D3-BF4B-00C04F79EFBC}") = "Sender", "Sender\Sender.csproj", "{211E55F6-8950-42DA-AC38-D5D67A8FDDF0}"
EndProject
Global
	GlobalSection(SolutionConfigurationPlatforms) = preSolution
		Debug|Any CPU = Debug|Any CPU
		Release|Any CPU = Release|Any CPU
	EndGlobalSection
	GlobalSection(ProjectConfigurationPlatforms) = postSolution
		{211E55F6-8950-42DA-AC38-D5D67A8FDDF0}.Debug|Any CPU.ActiveCfg = Debug|Any CPU
		{211E55F6-8950-42DA-AC38-D5D67A8FDDF0}.Debug|Any CPU.Build.0 = Debug|Any CPU
		{211E55F6-8950-42DA-AC38-D5D67A8FDDF0}.Release|Any CPU.ActiveCfg = Release|Any CPU
		{211E55F6-8950-42DA-AC38-D5D67A8FDDF0}.Release|Any CPU.Build.0 = Release|Any CPU
	EndGlobalSection
	GlobalSection(SolutionProperties) = preSolution
		HideSolutionNode = FALSE
	EndGlobalSection
	GlobalSection(ExtensibilityGlobals) = postSolution
		SolutionGuid = {6EC135B0-5CCF-4028-8EB3-7CF627FB0BED}
	EndGlobalSection
EndGlobal
